
Microsoft Visual Studio Solution File, Format Version 12.00
# Visual Studio Version 17
VisualStudioVersion = 17.6.33815.320
MinimumVisualStudioVersion = 10.0.40219.1
Project("{FAE04EC0-301F-11D3-BF4B-00C04F79EFBC}") = "SampleApplication", "SampleApplication\SampleApplication.csproj", "{AE8C05F4-3293-4973-AD26-04438D215ED3}"
EndProject
Global
	GlobalSection(SolutionConfigurationPlatforms) = preSolution
		Debug|Any CPU = Debug|Any CPU
		Release|Any CPU = Release|Any CPU
	EndGlobalSection
	GlobalSection(ProjectConfigurationPlatforms) = postSolution
		{AE8C05F4-3293-4973-AD26-04438D215ED3}.Debug|Any CPU.ActiveCfg = Debug|Any CPU
		{AE8C05F4-3293-4973-AD26-04438D215ED3}.Debug|Any CPU.Build.0 = Debug|Any CPU
		{AE8C05F4-3293-4973-AD26-04438D215ED3}.Release|Any CPU.ActiveCfg = Release|Any CPU
		{AE8C05F4-3293-4973-AD26-04438D215ED3}.Release|Any CPU.Build.0 = Release|Any CPU
	EndGlobalSection
	GlobalSection(SolutionProperties) = preSolution
		HideSolutionNode = FALSE
	EndGlobalSection
	GlobalSection(ExtensibilityGlobals) = postSolution
		SolutionGuid = {2E47C103-A5BC-43D0-A0CE-F13A9B626842}
	EndGlobalSection
EndGlobal
